# This file is @generated by PDM.
# It is not intended for manual editing.

[metadata]
groups = ["default", "tests"]
strategy = ["inherit_metadata"]
lock_version = "4.5.0"
content_hash = "sha256:2323895dc48b3076e6d637a2182257931777884e944da7dedcb1cc2f88140bec"

[[metadata.targets]]
requires_python = ">=3.10"

[[package]]
name = "colorama"
version = "0.4.6"
requires_python = "!=3.0.*,!=3.1.*,!=3.2.*,!=3.3.*,!=3.4.*,!=3.5.*,!=3.6.*,>=2.7"
summary = "Cross-platform colored terminal text."
groups = ["tests"]
marker = "sys_platform == \"win32\""
files = [
    {file = "colorama-0.4.6-py2.py3-none-any.whl", hash = "sha256:4f1d9991f5acc0ca119f9d443620b77f9d6b33703e51011c16baf57afb285fc6"},
    {file = "colorama-0.4.6.tar.gz", hash = "sha256:08695f5cb7ed6e0531a20572697297273c47b8cae5a63ffc6d6ed5c201be6e44"},
]

[[package]]
name = "coverage"
version = "7.11.0"
requires_python = ">=3.10"
summary = "Code coverage measurement for Python"
groups = ["tests"]
files = [
    {file = "coverage-7.11.0-cp310-cp310-macosx_10_9_x86_64.whl", hash = "sha256:eb53f1e8adeeb2e78962bade0c08bfdc461853c7969706ed901821e009b35e31"},
    {file = "coverage-7.11.0-cp310-cp310-macosx_11_0_arm64.whl", hash = "sha256:d9a03ec6cb9f40a5c360f138b88266fd8f58408d71e89f536b4f91d85721d075"},
    {file = "coverage-7.11.0-cp310-cp310-manylinux1_i686.manylinux_2_28_i686.manylinux_2_5_i686.whl", hash = "sha256:0d7f0616c557cbc3d1c2090334eddcbb70e1ae3a40b07222d62b3aa47f608fab"},
    {file = "coverage-7.11.0-cp310-cp310-manylinux1_x86_64.manylinux_2_28_x86_64.manylinux_2_5_x86_64.whl", hash = "sha256:e44a86a47bbdf83b0a3ea4d7df5410d6b1a0de984fbd805fa5101f3624b9abe0"},
    {file = "coverage-7.11.0-cp310-cp310-manylinux2014_aarch64.manylinux_2_17_aarch64.manylinux_2_28_aarch64.whl", hash = "sha256:596763d2f9a0ee7eec6e643e29660def2eef297e1de0d334c78c08706f1cb785"},
    {file = "coverage-7.11.0-cp310-cp310-manylinux_2_31_riscv64.manylinux_2_39_riscv64.whl", hash = "sha256:ef55537ff511b5e0a43edb4c50a7bf7ba1c3eea20b4f49b1490f1e8e0e42c591"},
    {file = "coverage-7.11.0-cp310-cp310-musllinux_1_2_aarch64.whl", hash = "sha256:9cbabd8f4d0d3dc571d77ae5bdbfa6afe5061e679a9d74b6797c48d143307088"},
    {file = "coverage-7.11.0-cp310-cp310-musllinux_1_2_i686.whl", hash = "sha256:e24045453384e0ae2a587d562df2a04d852672eb63051d16096d3f08aa4c7c2f"},
    {file = "coverage-7.11.0-cp310-cp310-musllinux_1_2_riscv64.whl", hash = "sha256:7161edd3426c8d19bdccde7d49e6f27f748f3c31cc350c5de7c633fea445d866"},
    {file = "coverage-7.11.0-cp310-cp310-musllinux_1_2_x86_64.whl", hash = "sha256:3d4ed4de17e692ba6415b0587bc7f12bc80915031fc9db46a23ce70fc88c9841"},
    {file = "coverage-7.11.0-cp310-cp310-win32.whl", hash = "sha256:765c0bc8fe46f48e341ef737c91c715bd2a53a12792592296a095f0c237e09cf"},
    {file = "coverage-7.11.0-cp310-cp310-win_amd64.whl", hash = "sha256:24d6f3128f1b2d20d84b24f4074475457faedc3d4613a7e66b5e769939c7d969"},
    {file = "coverage-7.11.0-cp311-cp311-macosx_10_9_x86_64.whl", hash = "sha256:3d58ecaa865c5b9fa56e35efc51d1014d4c0d22838815b9fce57a27dd9576847"},
    {file = "coverage-7.11.0-cp311-cp311-macosx_11_0_arm64.whl", hash = "sha256:b679e171f1c104a5668550ada700e3c4937110dbdd153b7ef9055c4f1a1ee3cc"},
    {file = "coverage-7.11.0-cp311-cp311-manylinux1_i686.manylinux_2_28_i686.manylinux_2_5_i686.whl", hash = "sha256:ca61691ba8c5b6797deb221a0d09d7470364733ea9c69425a640f1f01b7c5bf0"},
    {file = "coverage-7.11.0-cp311-cp311-manylinux1_x86_64.manylinux_2_28_x86_64.manylinux_2_5_x86_64.whl", hash = "sha256:aef1747ede4bd8ca9cfc04cc3011516500c6891f1b33a94add3253f6f876b7b7"},
    {file = "coverage-7.11.0-cp311-cp311-manylinux2014_aarch64.manylinux_2_17_aarch64.manylinux_2_28_aarch64.whl", hash = "sha256:a1839d08406e4cba2953dcc0ffb312252f14d7c4c96919f70167611f4dee2623"},
    {file = "coverage-7.11.0-cp311-cp311-manylinux_2_31_riscv64.manylinux_2_39_riscv64.whl", hash = "sha256:e0eb0a2dcc62478eb5b4cbb80b97bdee852d7e280b90e81f11b407d0b81c4287"},
    {file = "coverage-7.11.0-cp311-cp311-musllinux_1_2_aarch64.whl", hash = "sha256:bc1fbea96343b53f65d5351d8fd3b34fd415a2670d7c300b06d3e14a5af4f552"},
    {file = "coverage-7.11.0-cp311-cp311-musllinux_1_2_i686.whl", hash = "sha256:214b622259dd0cf435f10241f1333d32caa64dbc27f8790ab693428a141723de"},
    {file = "coverage-7.11.0-cp311-cp311-musllinux_1_2_riscv64.whl", hash = "sha256:258d9967520cca899695d4eb7ea38be03f06951d6ca2f21fb48b1235f791e601"},
    {file = "coverage-7.11.0-cp311-cp311-musllinux_1_2_x86_64.whl", hash = "sha256:cf9e6ff4ca908ca15c157c409d608da77a56a09877b97c889b98fb2c32b6465e"},
    {file = "coverage-7.11.0-cp311-cp311-win32.whl", hash = "sha256:fcc15fc462707b0680cff6242c48625da7f9a16a28a41bb8fd7a4280920e676c"},
    {file = "coverage-7.11.0-cp311-cp311-win_amd64.whl", hash = "sha256:865965bf955d92790f1facd64fe7ff73551bd2c1e7e6b26443934e9701ba30b9"},
    {file = "coverage-7.11.0-cp311-cp311-win_arm64.whl", hash = "sha256:5693e57a065760dcbeb292d60cc4d0231a6d4b6b6f6a3191561e1d5e8820b745"},
    {file = "coverage-7.11.0-cp312-cp312-macosx_10_13_x86_64.whl", hash = "sha256:9c49e77811cf9d024b95faf86c3f059b11c0c9be0b0d61bc598f453703bd6fd1"},
    {file = "coverage-7.11.0-cp312-cp312-macosx_11_0_arm64.whl", hash = "sha256:a61e37a403a778e2cda2a6a39abcc895f1d984071942a41074b5c7ee31642007"},
    {file = "coverage-7.11.0-cp312-cp312-manylinux1_i686.manylinux_2_28_i686.manylinux_2_5_i686.whl", hash = "sha256:c79cae102bb3b1801e2ef1511fb50e91ec83a1ce466b2c7c25010d884336de46"},
    {file = "coverage-7.11.0-cp312-cp312-manylinux1_x86_64.manylinux_2_28_x86_64.manylinux_2_5_x86_64.whl", hash = "sha256:16ce17ceb5d211f320b62df002fa7016b7442ea0fd260c11cec8ce7730954893"},
    {file = "coverage-7.11.0-cp312-cp312-manylinux2014_aarch64.manylinux_2_17_aarch64.manylinux_2_28_aarch64.whl", hash = "sha256:80027673e9d0bd6aef86134b0771845e2da85755cf686e7c7c59566cf5a89115"},
    {file = "coverage-7.11.0-cp312-cp312-manylinux_2_31_riscv64.manylinux_2_39_riscv64.whl", hash = "sha256:4d3ffa07a08657306cd2215b0da53761c4d73cb54d9143b9303a6481ec0cd415"},
    {file = "coverage-7.11.0-cp312-cp312-musllinux_1_2_aarch64.whl", hash = "sha256:a3b6a5f8b2524fd6c1066bc85bfd97e78709bb5e37b5b94911a6506b65f47186"},
    {file = "coverage-7.11.0-cp312-cp312-musllinux_1_2_i686.whl", hash = "sha256:fcc0a4aa589de34bc56e1a80a740ee0f8c47611bdfb28cd1849de60660f3799d"},
    {file = "coverage-7.11.0-cp312-cp312-musllinux_1_2_riscv64.whl", hash = "sha256:dba82204769d78c3fd31b35c3d5f46e06511936c5019c39f98320e05b08f794d"},
    {file = "coverage-7.11.0-cp312-cp312-musllinux_1_2_x86_64.whl", hash = "sha256:81b335f03ba67309a95210caf3eb43bd6fe75a4e22ba653ef97b4696c56c7ec2"},
    {file = "coverage-7.11.0-cp312-cp312-win32.whl", hash = "sha256:037b2d064c2f8cc8716fe4d39cb705779af3fbf1ba318dc96a1af858888c7bb5"},
    {file = "coverage-7.11.0-cp312-cp312-win_amd64.whl", hash = "sha256:d66c0104aec3b75e5fd897e7940188ea1892ca1d0235316bf89286d6a22568c0"},
    {file = "coverage-7.11.0-cp312-cp312-win_arm64.whl", hash = "sha256:d91ebeac603812a09cf6a886ba6e464f3bbb367411904ae3790dfe28311b15ad"},
    {file = "coverage-7.11.0-cp313-cp313-macosx_10_13_x86_64.whl", hash = "sha256:cc3f49e65ea6e0d5d9bd60368684fe52a704d46f9e7fc413918f18d046ec40e1"},
    {file = "coverage-7.11.0-cp313-cp313-macosx_11_0_arm64.whl", hash = "sha256:f39ae2f63f37472c17b4990f794035c9890418b1b8cca75c01193f3c8d3e01be"},
    {file = "coverage-7.11.0-cp313-cp313-manylinux1_i686.manylinux_2_28_i686.manylinux_2_5_i686.whl", hash = "sha256:7db53b5cdd2917b6eaadd0b1251cf4e7d96f4a8d24e174bdbdf2f65b5ea7994d"},
    {file = "coverage-7.11.0-cp313-cp313-manylinux1_x86_64.manylinux_2_28_x86_64.manylinux_2_5_x86_64.whl", hash = "sha256:10ad04ac3a122048688387828b4537bc9cf60c0bf4869c1e9989c46e45690b82"},
    {file = "coverage-7.11.0-cp313-cp313-manylinux2014_aarch64.manylinux_2_17_aarch64.manylinux_2_28_aarch64.whl", hash = "sha256:4036cc9c7983a2b1f2556d574d2eb2154ac6ed55114761685657e38782b23f52"},
    {file = "coverage-7.11.0-cp313-cp313-manylinux_2_31_riscv64.manylinux_2_39_riscv64.whl", hash = "sha256:7ab934dd13b1c5e94b692b1e01bd87e4488cb746e3a50f798cb9464fd128374b"},
    {file = "coverage-7.11.0-cp313-cp313-musllinux_1_2_aarch64.whl", hash = "sha256:59a6e5a265f7cfc05f76e3bb53eca2e0dfe90f05e07e849930fecd6abb8f40b4"},
    {file = "coverage-7.11.0-cp313-cp313-musllinux_1_2_i686.whl", hash = "sha256:df01d6c4c81e15a7c88337b795bb7595a8596e92310266b5072c7e301168efbd"},
    {file = "coverage-7.11.0-cp313-cp313-musllinux_1_2_riscv64.whl", hash = "sha256:8c934bd088eed6174210942761e38ee81d28c46de0132ebb1801dbe36a390dcc"},
    {file = "coverage-7.11.0-cp313-cp313-musllinux_1_2_x86_64.whl", hash = "sha256:5a03eaf7ec24078ad64a07f02e30060aaf22b91dedf31a6b24d0d98d2bba7f48"},
    {file = "coverage-7.11.0-cp313-cp313-win32.whl", hash = "sha256:695340f698a5f56f795b2836abe6fb576e7c53d48cd155ad2f80fd24bc63a040"},
    {file = "coverage-7.11.0-cp313-cp313-win_amd64.whl", hash = "sha256:2727d47fce3ee2bac648528e41455d1b0c46395a087a229deac75e9f88ba5a05"},
    {file = "coverage-7.11.0-cp313-cp313-win_arm64.whl", hash = "sha256:0efa742f431529699712b92ecdf22de8ff198df41e43aeaaadf69973eb93f17a"},
    {file = "coverage-7.11.0-cp313-cp313t-macosx_10_13_x86_64.whl", hash = "sha256:587c38849b853b157706407e9ebdca8fd12f45869edb56defbef2daa5fb0812b"},
    {file = "coverage-7.11.0-cp313-cp313t-macosx_11_0_arm64.whl", hash = "sha256:b971bdefdd75096163dd4261c74be813c4508477e39ff7b92191dea19f24cd37"},
    {file = "coverage-7.11.0-cp313-cp313t-manylinux1_i686.manylinux_2_28_i686.manylinux_2_5_i686.whl", hash = "sha256:269bfe913b7d5be12ab13a95f3a76da23cf147be7fa043933320ba5625f0a8de"},
    {file = "coverage-7.11.0-cp313-cp313t-manylinux1_x86_64.manylinux_2_28_x86_64.manylinux_2_5_x86_64.whl", hash = "sha256:dadbcce51a10c07b7c72b0ce4a25e4b6dcb0c0372846afb8e5b6307a121eb99f"},
    {file = "coverage-7.11.0-cp313-cp313t-manylinux2014_aarch64.manylinux_2_17_aarch64.manylinux_2_28_aarch64.whl", hash = "sha256:9ed43fa22c6436f7957df036331f8fe4efa7af132054e1844918866cd228af6c"},
    {file = "coverage-7.11.0-cp313-cp313t-manylinux_2_31_riscv64.manylinux_2_39_riscv64.whl", hash = "sha256:9516add7256b6713ec08359b7b05aeff8850c98d357784c7205b2e60aa2513fa"},
    {file = "coverage-7.11.0-cp313-cp313t-musllinux_1_2_aarch64.whl", hash = "sha256:eb92e47c92fcbcdc692f428da67db33337fa213756f7adb6a011f7b5a7a20740"},
    {file = "coverage-7.11.0-cp313-cp313t-musllinux_1_2_i686.whl", hash = "sha256:d06f4fc7acf3cabd6d74941d53329e06bab00a8fe10e4df2714f0b134bfc64ef"},
    {file = "coverage-7.11.0-cp313-cp313t-musllinux_1_2_riscv64.whl", hash = "sha256:6fbcee1a8f056af07ecd344482f711f563a9eb1c2cad192e87df00338ec3cdb0"},
    {file = "coverage-7.11.0-cp313-cp313t-musllinux_1_2_x86_64.whl", hash = "sha256:dbbf012be5f32533a490709ad597ad8a8ff80c582a95adc8d62af664e532f9ca"},
    {file = "coverage-7.11.0-cp313-cp313t-win32.whl", hash = "sha256:cee6291bb4fed184f1c2b663606a115c743df98a537c969c3c64b49989da96c2"},
    {file = "coverage-7.11.0-cp313-cp313t-win_amd64.whl", hash = "sha256:a386c1061bf98e7ea4758e4313c0ab5ecf57af341ef0f43a0bf26c2477b5c268"},
    {file = "coverage-7.11.0-cp313-cp313t-win_arm64.whl", hash = "sha256:f9ea02ef40bb83823b2b04964459d281688fe173e20643870bb5d2edf68bc836"},
    {file = "coverage-7.11.0-cp314-cp314-macosx_10_13_x86_64.whl", hash = "sha256:c770885b28fb399aaf2a65bbd1c12bf6f307ffd112d6a76c5231a94276f0c497"},
    {file = "coverage-7.11.0-cp314-cp314-macosx_11_0_arm64.whl", hash = "sha256:a3d0e2087dba64c86a6b254f43e12d264b636a39e88c5cc0a01a7c71bcfdab7e"},
    {file = "coverage-7.11.0-cp314-cp314-manylinux1_i686.manylinux_2_28_i686.manylinux_2_5_i686.whl", hash = "sha256:73feb83bb41c32811973b8565f3705caf01d928d972b72042b44e97c71fd70d1"},
    {file = "coverage-7.11.0-cp314-cp314-manylinux1_x86_64.manylinux_2_28_x86_64.manylinux_2_5_x86_64.whl", hash = "sha256:c6f31f281012235ad08f9a560976cc2fc9c95c17604ff3ab20120fe480169bca"},
    {file = "coverage-7.11.0-cp314-cp314-manylinux2014_aarch64.manylinux_2_17_aarch64.manylinux_2_28_aarch64.whl", hash = "sha256:e9570ad567f880ef675673992222746a124b9595506826b210fbe0ce3f0499cd"},
    {file = "coverage-7.11.0-cp314-cp314-manylinux_2_31_riscv64.manylinux_2_39_riscv64.whl", hash = "sha256:8badf70446042553a773547a61fecaa734b55dc738cacf20c56ab04b77425e43"},
    {file = "coverage-7.11.0-cp314-cp314-musllinux_1_2_aarch64.whl", hash = "sha256:a09c1211959903a479e389685b7feb8a17f59ec5a4ef9afde7650bd5eabc2777"},
    {file = "coverage-7.11.0-cp314-cp314-musllinux_1_2_i686.whl", hash = "sha256:5ef83b107f50db3f9ae40f69e34b3bd9337456c5a7fe3461c7abf8b75dd666a2"},
    {file = "coverage-7.11.0-cp314-cp314-musllinux_1_2_riscv64.whl", hash = "sha256:f91f927a3215b8907e214af77200250bb6aae36eca3f760f89780d13e495388d"},
    {file = "coverage-7.11.0-cp314-cp314-musllinux_1_2_x86_64.whl", hash = "sha256:cdbcd376716d6b7fbfeedd687a6c4be019c5a5671b35f804ba76a4c0a778cba4"},
    {file = "coverage-7.11.0-cp314-cp314-win32.whl", hash = "sha256:bab7ec4bb501743edc63609320aaec8cd9188b396354f482f4de4d40a9d10721"},
    {file = "coverage-7.11.0-cp314-cp314-win_amd64.whl", hash = "sha256:3d4ba9a449e9364a936a27322b20d32d8b166553bfe63059bd21527e681e2fad"},
    {file = "coverage-7.11.0-cp314-cp314-win_arm64.whl", hash = "sha256:ce37f215223af94ef0f75ac68ea096f9f8e8c8ec7d6e8c346ee45c0d363f0479"},
    {file = "coverage-7.11.0-cp314-cp314t-macosx_10_13_x86_64.whl", hash = "sha256:f413ce6e07e0d0dc9c433228727b619871532674b45165abafe201f200cc215f"},
    {file = "coverage-7.11.0-cp314-cp314t-macosx_11_0_arm64.whl", hash = "sha256:05791e528a18f7072bf5998ba772fe29db4da1234c45c2087866b5ba4dea710e"},
    {file = "coverage-7.11.0-cp314-cp314t-manylinux1_i686.manylinux_2_28_i686.manylinux_2_5_i686.whl", hash = "sha256:cacb29f420cfeb9283b803263c3b9a068924474ff19ca126ba9103e1278dfa44"},
    {file = "coverage-7.11.0-cp314-cp314t-manylinux1_x86_64.manylinux_2_28_x86_64.manylinux_2_5_x86_64.whl", hash = "sha256:314c24e700d7027ae3ab0d95fbf8d53544fca1f20345fd30cd219b737c6e58d3"},
    {file = "coverage-7.11.0-cp314-cp314t-manylinux2014_aarch64.manylinux_2_17_aarch64.manylinux_2_28_aarch64.whl", hash = "sha256:630d0bd7a293ad2fc8b4b94e5758c8b2536fdf36c05f1681270203e463cbfa9b"},
    {file = "coverage-7.11.0-cp314-cp314t-manylinux_2_31_riscv64.manylinux_2_39_riscv64.whl", hash = "sha256:e89641f5175d65e2dbb44db15fe4ea48fade5d5bbb9868fdc2b4fce22f4a469d"},
    {file = "coverage-7.11.0-cp314-cp314t-musllinux_1_2_aarch64.whl", hash = "sha256:c9f08ea03114a637dab06cedb2e914da9dc67fa52c6015c018ff43fdde25b9c2"},
    {file = "coverage-7.11.0-cp314-cp314t-musllinux_1_2_i686.whl", hash = "sha256:ce9f3bde4e9b031eaf1eb61df95c1401427029ea1bfddb8621c1161dcb0fa02e"},
    {file = "coverage-7.11.0-cp314-cp314t-musllinux_1_2_riscv64.whl", hash = "sha256:e4dc07e95495923d6fd4d6c27bf70769425b71c89053083843fd78f378558996"},
    {file = "coverage-7.11.0-cp314-cp314t-musllinux_1_2_x86_64.whl", hash = "sha256:424538266794db2861db4922b05d729ade0940ee69dcf0591ce8f69784db0e11"},
    {file = "coverage-7.11.0-cp314-cp314t-win32.whl", hash = "sha256:4c1eeb3fb8eb9e0190bebafd0462936f75717687117339f708f395fe455acc73"},
    {file = "coverage-7.11.0-cp314-cp314t-win_amd64.whl", hash = "sha256:b56efee146c98dbf2cf5cffc61b9829d1e94442df4d7398b26892a53992d3547"},
    {file = "coverage-7.11.0-cp314-cp314t-win_arm64.whl", hash = "sha256:b5c2705afa83f49bd91962a4094b6b082f94aef7626365ab3f8f4bd159c5acf3"},
    {file = "coverage-7.11.0-py3-none-any.whl", hash = "sha256:4b7589765348d78fb4e5fb6ea35d07564e387da2fc5efff62e0222971f155f68"},
    {file = "coverage-7.11.0.tar.gz", hash = "sha256:167bd504ac1ca2af7ff3b81d245dfea0292c5032ebef9d66cc08a7d28c1b8050"},
]

[[package]]
name = "coverage"
version = "7.11.0"
extras = ["toml"]
requires_python = ">=3.10"
summary = "Code coverage measurement for Python"
groups = ["tests"]
dependencies = [
    "coverage==7.11.0",
    "tomli; python_full_version <= \"3.11.0a6\"",
]
files = [
    {file = "coverage-7.11.0-cp310-cp310-macosx_10_9_x86_64.whl", hash = "sha256:eb53f1e8adeeb2e78962bade0c08bfdc461853c7969706ed901821e009b35e31"},
    {file = "coverage-7.11.0-cp310-cp310-macosx_11_0_arm64.whl", hash = "sha256:d9a03ec6cb9f40a5c360f138b88266fd8f58408d71e89f536b4f91d85721d075"},
    {file = "coverage-7.11.0-cp310-cp310-manylinux1_i686.manylinux_2_28_i686.manylinux_2_5_i686.whl", hash = "sha256:0d7f0616c557cbc3d1c2090334eddcbb70e1ae3a40b07222d62b3aa47f608fab"},
    {file = "coverage-7.11.0-cp310-cp310-manylinux1_x86_64.manylinux_2_28_x86_64.manylinux_2_5_x86_64.whl", hash = "sha256:e44a86a47bbdf83b0a3ea4d7df5410d6b1a0de984fbd805fa5101f3624b9abe0"},
    {file = "coverage-7.11.0-cp310-cp310-manylinux2014_aarch64.manylinux_2_17_aarch64.manylinux_2_28_aarch64.whl", hash = "sha256:596763d2f9a0ee7eec6e643e29660def2eef297e1de0d334c78c08706f1cb785"},
    {file = "coverage-7.11.0-cp310-cp310-manylinux_2_31_riscv64.manylinux_2_39_riscv64.whl", hash = "sha256:ef55537ff511b5e0a43edb4c50a7bf7ba1c3eea20b4f49b1490f1e8e0e42c591"},
    {file = "coverage-7.11.0-cp310-cp310-musllinux_1_2_aarch64.whl", hash = "sha256:9cbabd8f4d0d3dc571d77ae5bdbfa6afe5061e679a9d74b6797c48d143307088"},
    {file = "coverage-7.11.0-cp310-cp310-musllinux_1_2_i686.whl", hash = "sha256:e24045453384e0ae2a587d562df2a04d852672eb63051d16096d3f08aa4c7c2f"},
    {file = "coverage-7.11.0-cp310-cp310-musllinux_1_2_riscv64.whl", hash = "sha256:7161edd3426c8d19bdccde7d49e6f27f748f3c31cc350c5de7c633fea445d866"},
    {file = "coverage-7.11.0-cp310-cp310-musllinux_1_2_x86_64.whl", hash = "sha256:3d4ed4de17e692ba6415b0587bc7f12bc80915031fc9db46a23ce70fc88c9841"},
    {file = "coverage-7.11.0-cp310-cp310-win32.whl", hash = "sha256:765c0bc8fe46f48e341ef737c91c715bd2a53a12792592296a095f0c237e09cf"},
    {file = "coverage-7.11.0-cp310-cp310-win_amd64.whl", hash = "sha256:24d6f3128f1b2d20d84b24f4074475457faedc3d4613a7e66b5e769939c7d969"},
    {file = "coverage-7.11.0-cp311-cp311-macosx_10_9_x86_64.whl", hash = "sha256:3d58ecaa865c5b9fa56e35efc51d1014d4c0d22838815b9fce57a27dd9576847"},
    {file = "coverage-7.11.0-cp311-cp311-macosx_11_0_arm64.whl", hash = "sha256:b679e171f1c104a5668550ada700e3c4937110dbdd153b7ef9055c4f1a1ee3cc"},
    {file = "coverage-7.11.0-cp311-cp311-manylinux1_i686.manylinux_2_28_i686.manylinux_2_5_i686.whl", hash = "sha256:ca61691ba8c5b6797deb221a0d09d7470364733ea9c69425a640f1f01b7c5bf0"},
    {file = "coverage-7.11.0-cp311-cp311-manylinux1_x86_64.manylinux_2_28_x86_64.manylinux_2_5_x86_64.whl", hash = "sha256:aef1747ede4bd8ca9cfc04cc3011516500c6891f1b33a94add3253f6f876b7b7"},
    {file = "coverage-7.11.0-cp311-cp311-manylinux2014_aarch64.manylinux_2_17_aarch64.manylinux_2_28_aarch64.whl", hash = "sha256:a1839d08406e4cba2953dcc0ffb312252f14d7c4c96919f70167611f4dee2623"},
    {file = "coverage-7.11.0-cp311-cp311-manylinux_2_31_riscv64.manylinux_2_39_riscv64.whl", hash = "sha256:e0eb0a2dcc62478eb5b4cbb80b97bdee852d7e280b90e81f11b407d0b81c4287"},
    {file = "coverage-7.11.0-cp311-cp311-musllinux_1_2_aarch64.whl", hash = "sha256:bc1fbea96343b53f65d5351d8fd3b34fd415a2670d7c300b06d3e14a5af4f552"},
    {file = "coverage-7.11.0-cp311-cp311-musllinux_1_2_i686.whl", hash = "sha256:214b622259dd0cf435f10241f1333d32caa64dbc27f8790ab693428a141723de"},
    {file = "coverage-7.11.0-cp311-cp311-musllinux_1_2_riscv64.whl", hash = "sha256:258d9967520cca899695d4eb7ea38be03f06951d6ca2f21fb48b1235f791e601"},
    {file = "coverage-7.11.0-cp311-cp311-musllinux_1_2_x86_64.whl", hash = "sha256:cf9e6ff4ca908ca15c157c409d608da77a56a09877b97c889b98fb2c32b6465e"},
    {file = "coverage-7.11.0-cp311-cp311-win32.whl", hash = "sha256:fcc15fc462707b0680cff6242c48625da7f9a16a28a41bb8fd7a4280920e676c"},
    {file = "coverage-7.11.0-cp311-cp311-win_amd64.whl", hash = "sha256:865965bf955d92790f1facd64fe7ff73551bd2c1e7e6b26443934e9701ba30b9"},
    {file = "coverage-7.11.0-cp311-cp311-win_arm64.whl", hash = "sha256:5693e57a065760dcbeb292d60cc4d0231a6d4b6b6f6a3191561e1d5e8820b745"},
    {file = "coverage-7.11.0-cp312-cp312-macosx_10_13_x86_64.whl", hash = "sha256:9c49e77811cf9d024b95faf86c3f059b11c0c9be0b0d61bc598f453703bd6fd1"},
    {file = "coverage-7.11.0-cp312-cp312-macosx_11_0_arm64.whl", hash = "sha256:a61e37a403a778e2cda2a6a39abcc895f1d984071942a41074b5c7ee31642007"},
    {file = "coverage-7.11.0-cp312-cp312-manylinux1_i686.manylinux_2_28_i686.manylinux_2_5_i686.whl", hash = "sha256:c79cae102bb3b1801e2ef1511fb50e91ec83a1ce466b2c7c25010d884336de46"},
    {file = "coverage-7.11.0-cp312-cp312-manylinux1_x86_64.manylinux_2_28_x86_64.manylinux_2_5_x86_64.whl", hash = "sha256:16ce17ceb5d211f320b62df002fa7016b7442ea0fd260c11cec8ce7730954893"},
    {file = "coverage-7.11.0-cp312-cp312-manylinux2014_aarch64.manylinux_2_17_aarch64.manylinux_2_28_aarch64.whl", hash = "sha256:80027673e9d0bd6aef86134b0771845e2da85755cf686e7c7c59566cf5a89115"},
    {file = "coverage-7.11.0-cp312-cp312-manylinux_2_31_riscv64.manylinux_2_39_riscv64.whl", hash = "sha256:4d3ffa07a08657306cd2215b0da53761c4d73cb54d9143b9303a6481ec0cd415"},
    {file = "coverage-7.11.0-cp312-cp312-musllinux_1_2_aarch64.whl", hash = "sha256:a3b6a5f8b2524fd6c1066bc85bfd97e78709bb5e37b5b94911a6506b65f47186"},
    {file = "coverage-7.11.0-cp312-cp312-musllinux_1_2_i686.whl", hash = "sha256:fcc0a4aa589de34bc56e1a80a740ee0f8c47611bdfb28cd1849de60660f3799d"},
    {file = "coverage-7.11.0-cp312-cp312-musllinux_1_2_riscv64.whl", hash = "sha256:dba82204769d78c3fd31b35c3d5f46e06511936c5019c39f98320e05b08f794d"},
    {file = "coverage-7.11.0-cp312-cp312-musllinux_1_2_x86_64.whl", hash = "sha256:81b335f03ba67309a95210caf3eb43bd6fe75a4e22ba653ef97b4696c56c7ec2"},
    {file = "coverage-7.11.0-cp312-cp312-win32.whl", hash = "sha256:037b2d064c2f8cc8716fe4d39cb705779af3fbf1ba318dc96a1af858888c7bb5"},
    {file = "coverage-7.11.0-cp312-cp312-win_amd64.whl", hash = "sha256:d66c0104aec3b75e5fd897e7940188ea1892ca1d0235316bf89286d6a22568c0"},
    {file = "coverage-7.11.0-cp312-cp312-win_arm64.whl", hash = "sha256:d91ebeac603812a09cf6a886ba6e464f3bbb367411904ae3790dfe28311b15ad"},
    {file = "coverage-7.11.0-cp313-cp313-macosx_10_13_x86_64.whl", hash = "sha256:cc3f49e65ea6e0d5d9bd60368684fe52a704d46f9e7fc413918f18d046ec40e1"},
    {file = "coverage-7.11.0-cp313-cp313-macosx_11_0_arm64.whl", hash = "sha256:f39ae2f63f37472c17b4990f794035c9890418b1b8cca75c01193f3c8d3e01be"},
    {file = "coverage-7.11.0-cp313-cp313-manylinux1_i686.manylinux_2_28_i686.manylinux_2_5_i686.whl", hash = "sha256:7db53b5cdd2917b6eaadd0b1251cf4e7d96f4a8d24e174bdbdf2f65b5ea7994d"},
    {file = "coverage-7.11.0-cp313-cp313-manylinux1_x86_64.manylinux_2_28_x86_64.manylinux_2_5_x86_64.whl", hash = "sha256:10ad04ac3a122048688387828b4537bc9cf60c0bf4869c1e9989c46e45690b82"},
    {file = "coverage-7.11.0-cp313-cp313-manylinux2014_aarch64.manylinux_2_17_aarch64.manylinux_2_28_aarch64.whl", hash = "sha256:4036cc9c7983a2b1f2556d574d2eb2154ac6ed55114761685657e38782b23f52"},
    {file = "coverage-7.11.0-cp313-cp313-manylinux_2_31_riscv64.manylinux_2_39_riscv64.whl", hash = "sha256:7ab934dd13b1c5e94b692b1e01bd87e4488cb746e3a50f798cb9464fd128374b"},
    {file = "coverage-7.11.0-cp313-cp313-musllinux_1_2_aarch64.whl", hash = "sha256:59a6e5a265f7cfc05f76e3bb53eca2e0dfe90f05e07e849930fecd6abb8f40b4"},
    {file = "coverage-7.11.0-cp313-cp313-musllinux_1_2_i686.whl", hash = "sha256:df01d6c4c81e15a7c88337b795bb7595a8596e92310266b5072c7e301168efbd"},
    {file = "coverage-7.11.0-cp313-cp313-musllinux_1_2_riscv64.whl", hash = "sha256:8c934bd088eed6174210942761e38ee81d28c46de0132ebb1801dbe36a390dcc"},
    {file = "coverage-7.11.0-cp313-cp313-musllinux_1_2_x86_64.whl", hash = "sha256:5a03eaf7ec24078ad64a07f02e30060aaf22b91dedf31a6b24d0d98d2bba7f48"},
    {file = "coverage-7.11.0-cp313-cp313-win32.whl", hash = "sha256:695340f698a5f56f795b2836abe6fb576e7c53d48cd155ad2f80fd24bc63a040"},
    {file = "coverage-7.11.0-cp313-cp313-win_amd64.whl", hash = "sha256:2727d47fce3ee2bac648528e41455d1b0c46395a087a229deac75e9f88ba5a05"},
    {file = "coverage-7.11.0-cp313-cp313-win_arm64.whl", hash = "sha256:0efa742f431529699712b92ecdf22de8ff198df41e43aeaaadf69973eb93f17a"},
    {file = "coverage-7.11.0-cp313-cp313t-macosx_10_13_x86_64.whl", hash = "sha256:587c38849b853b157706407e9ebdca8fd12f45869edb56defbef2daa5fb0812b"},
    {file = "coverage-7.11.0-cp313-cp313t-macosx_11_0_arm64.whl", hash = "sha256:b971bdefdd75096163dd4261c74be813c4508477e39ff7b92191dea19f24cd37"},
    {file = "coverage-7.11.0-cp313-cp313t-manylinux1_i686.manylinux_2_28_i686.manylinux_2_5_i686.whl", hash = "sha256:269bfe913b7d5be12ab13a95f3a76da23cf147be7fa043933320ba5625f0a8de"},
    {file = "coverage-7.11.0-cp313-cp313t-manylinux1_x86_64.manylinux_2_28_x86_64.manylinux_2_5_x86_64.whl", hash = "sha256:dadbcce51a10c07b7c72b0ce4a25e4b6dcb0c0372846afb8e5b6307a121eb99f"},
    {file = "coverage-7.11.0-cp313-cp313t-manylinux2014_aarch64.manylinux_2_17_aarch64.manylinux_2_28_aarch64.whl", hash = "sha256:9ed43fa22c6436f7957df036331f8fe4efa7af132054e1844918866cd228af6c"},
    {file = "coverage-7.11.0-cp313-cp313t-manylinux_2_31_riscv64.manylinux_2_39_riscv64.whl", hash = "sha256:9516add7256b6713ec08359b7b05aeff8850c98d357784c7205b2e60aa2513fa"},
    {file = "coverage-7.11.0-cp313-cp313t-musllinux_1_2_aarch64.whl", hash = "sha256:eb92e47c92fcbcdc692f428da67db33337fa213756f7adb6a011f7b5a7a20740"},
    {file = "coverage-7.11.0-cp313-cp313t-musllinux_1_2_i686.whl", hash = "sha256:d06f4fc7acf3cabd6d74941d53329e06bab00a8fe10e4df2714f0b134bfc64ef"},
    {file = "coverage-7.11.0-cp313-cp313t-musllinux_1_2_riscv64.whl", hash = "sha256:6fbcee1a8f056af07ecd344482f711f563a9eb1c2cad192e87df00338ec3cdb0"},
    {file = "coverage-7.11.0-cp313-cp313t-musllinux_1_2_x86_64.whl", hash = "sha256:dbbf012be5f32533a490709ad597ad8a8ff80c582a95adc8d62af664e532f9ca"},
    {file = "coverage-7.11.0-cp313-cp313t-win32.whl", hash = "sha256:cee6291bb4fed184f1c2b663606a115c743df98a537c969c3c64b49989da96c2"},
    {file = "coverage-7.11.0-cp313-cp313t-win_amd64.whl", hash = "sha256:a386c1061bf98e7ea4758e4313c0ab5ecf57af341ef0f43a0bf26c2477b5c268"},
    {file = "coverage-7.11.0-cp313-cp313t-win_arm64.whl", hash = "sha256:f9ea02ef40bb83823b2b04964459d281688fe173e20643870bb5d2edf68bc836"},
    {file = "coverage-7.11.0-cp314-cp314-macosx_10_13_x86_64.whl", hash = "sha256:c770885b28fb399aaf2a65bbd1c12bf6f307ffd112d6a76c5231a94276f0c497"},
    {file = "coverage-7.11.0-cp314-cp314-macosx_11_0_arm64.whl", hash = "sha256:a3d0e2087dba64c86a6b254f43e12d264b636a39e88c5cc0a01a7c71bcfdab7e"},
    {file = "coverage-7.11.0-cp314-cp314-manylinux1_i686.manylinux_2_28_i686.manylinux_2_5_i686.whl", hash = "sha256:73feb83bb41c32811973b8565f3705caf01d928d972b72042b44e97c71fd70d1"},
    {file = "coverage-7.11.0-cp314-cp314-manylinux1_x86_64.manylinux_2_28_x86_64.manylinux_2_5_x86_64.whl", hash = "sha256:c6f31f281012235ad08f9a560976cc2fc9c95c17604ff3ab20120fe480169bca"},
    {file = "coverage-7.11.0-cp314-cp314-manylinux2014_aarch64.manylinux_2_17_aarch64.manylinux_2_28_aarch64.whl", hash = "sha256:e9570ad567f880ef675673992222746a124b9595506826b210fbe0ce3f0499cd"},
    {file = "coverage-7.11.0-cp314-cp314-manylinux_2_31_riscv64.manylinux_2_39_riscv64.whl", hash = "sha256:8badf70446042553a773547a61fecaa734b55dc738cacf20c56ab04b77425e43"},
    {file = "coverage-7.11.0-cp314-cp314-musllinux_1_2_aarch64.whl", hash = "sha256:a09c1211959903a479e389685b7feb8a17f59ec5a4ef9afde7650bd5eabc2777"},
    {file = "coverage-7.11.0-cp314-cp314-musllinux_1_2_i686.whl", hash = "sha256:5ef83b107f50db3f9ae40f69e34b3bd9337456c5a7fe3461c7abf8b75dd666a2"},
    {file = "coverage-7.11.0-cp314-cp314-musllinux_1_2_riscv64.whl", hash = "sha256:f91f927a3215b8907e214af77200250bb6aae36eca3f760f89780d13e495388d"},
    {file = "coverage-7.11.0-cp314-cp314-musllinux_1_2_x86_64.whl", hash = "sha256:cdbcd376716d6b7fbfeedd687a6c4be019c5a5671b35f804ba76a4c0a778cba4"},
    {file = "coverage-7.11.0-cp314-cp314-win32.whl", hash = "sha256:bab7ec4bb501743edc63609320aaec8cd9188b396354f482f4de4d40a9d10721"},
    {file = "coverage-7.11.0-cp314-cp314-win_amd64.whl", hash = "sha256:3d4ba9a449e9364a936a27322b20d32d8b166553bfe63059bd21527e681e2fad"},
    {file = "coverage-7.11.0-cp314-cp314-win_arm64.whl", hash = "sha256:ce37f215223af94ef0f75ac68ea096f9f8e8c8ec7d6e8c346ee45c0d363f0479"},
    {file = "coverage-7.11.0-cp314-cp314t-macosx_10_13_x86_64.whl", hash = "sha256:f413ce6e07e0d0dc9c433228727b619871532674b45165abafe201f200cc215f"},
    {file = "coverage-7.11.0-cp314-cp314t-macosx_11_0_arm64.whl", hash = "sha256:05791e528a18f7072bf5998ba772fe29db4da1234c45c2087866b5ba4dea710e"},
    {file = "coverage-7.11.0-cp314-cp314t-manylinux1_i686.manylinux_2_28_i686.manylinux_2_5_i686.whl", hash = "sha256:cacb29f420cfeb9283b803263c3b9a068924474ff19ca126ba9103e1278dfa44"},
    {file = "coverage-7.11.0-cp314-cp314t-manylinux1_x86_64.manylinux_2_28_x86_64.manylinux_2_5_x86_64.whl", hash = "sha256:314c24e700d7027ae3ab0d95fbf8d53544fca1f20345fd30cd219b737c6e58d3"},
    {file = "coverage-7.11.0-cp314-cp314t-manylinux2014_aarch64.manylinux_2_17_aarch64.manylinux_2_28_aarch64.whl", hash = "sha256:630d0bd7a293ad2fc8b4b94e5758c8b2536fdf36c05f1681270203e463cbfa9b"},
    {file = "coverage-7.11.0-cp314-cp314t-manylinux_2_31_riscv64.manylinux_2_39_riscv64.whl", hash = "sha256:e89641f5175d65e2dbb44db15fe4ea48fade5d5bbb9868fdc2b4fce22f4a469d"},
    {file = "coverage-7.11.0-cp314-cp314t-musllinux_1_2_aarch64.whl", hash = "sha256:c9f08ea03114a637dab06cedb2e914da9dc67fa52c6015c018ff43fdde25b9c2"},
    {file = "coverage-7.11.0-cp314-cp314t-musllinux_1_2_i686.whl", hash = "sha256:ce9f3bde4e9b031eaf1eb61df95c1401427029ea1bfddb8621c1161dcb0fa02e"},
    {file = "coverage-7.11.0-cp314-cp314t-musllinux_1_2_riscv64.whl", hash = "sha256:e4dc07e95495923d6fd4d6c27bf70769425b71c89053083843fd78f378558996"},
    {file = "coverage-7.11.0-cp314-cp314t-musllinux_1_2_x86_64.whl", hash = "sha256:424538266794db2861db4922b05d729ade0940ee69dcf0591ce8f69784db0e11"},
    {file = "coverage-7.11.0-cp314-cp314t-win32.whl", hash = "sha256:4c1eeb3fb8eb9e0190bebafd0462936f75717687117339f708f395fe455acc73"},
    {file = "coverage-7.11.0-cp314-cp314t-win_amd64.whl", hash = "sha256:b56efee146c98dbf2cf5cffc61b9829d1e94442df4d7398b26892a53992d3547"},
    {file = "coverage-7.11.0-cp314-cp314t-win_arm64.whl", hash = "sha256:b5c2705afa83f49bd91962a4094b6b082f94aef7626365ab3f8f4bd159c5acf3"},
    {file = "coverage-7.11.0-py3-none-any.whl", hash = "sha256:4b7589765348d78fb4e5fb6ea35d07564e387da2fc5efff62e0222971f155f68"},
    {file = "coverage-7.11.0.tar.gz", hash = "sha256:167bd504ac1ca2af7ff3b81d245dfea0292c5032ebef9d66cc08a7d28c1b8050"},
]

[[package]]
name = "exceptiongroup"
version = "1.3.0"
requires_python = ">=3.7"
summary = "Backport of PEP 654 (exception groups)"
groups = ["tests"]
marker = "python_version < \"3.11\""
dependencies = [
    "typing-extensions>=4.6.0; python_version < \"3.13\"",
]
files = [
    {file = "exceptiongroup-1.3.0-py3-none-any.whl", hash = "sha256:4d111e6e0c13d0644cad6ddaa7ed0261a0b36971f6d23e7ec9b4b9097da78a10"},
    {file = "exceptiongroup-1.3.0.tar.gz", hash = "sha256:b241f5885f560bc56a59ee63ca4c6a8bfa46ae4ad651af316d4e81817bb9fd88"},
]

[[package]]
name = "iniconfig"
version = "2.3.0"
requires_python = ">=3.10"
summary = "brain-dead simple config-ini parsing"
groups = ["tests"]
files = [
    {file = "iniconfig-2.3.0-py3-none-any.whl", hash = "sha256:f631c04d2c48c52b84d0d0549c99ff3859c98df65b3101406327ecc7d53fbf12"},
    {file = "iniconfig-2.3.0.tar.gz", hash = "sha256:c76315c77db068650d49c5b56314774a7804df16fee4402c1f19d6d15d8c4730"},
]

[[package]]
name = "packaging"
version = "25.0"
requires_python = ">=3.8"
summary = "Core utilities for Python packages"
groups = ["tests"]
files = [
    {file = "packaging-25.0-py3-none-any.whl", hash = "sha256:29572ef2b1f17581046b3a2227d5c611fb25ec70ca1ba8554b24b0e69331a484"},
    {file = "packaging-25.0.tar.gz", hash = "sha256:d443872c98d677bf60f6a1f2f8c1cb748e8fe762d2bf9d3148b5599295b0fc4f"},
]

[[package]]
name = "pluggy"
version = "1.6.0"
requires_python = ">=3.9"
summary = "plugin and hook calling mechanisms for python"
groups = ["tests"]
files = [
    {file = "pluggy-1.6.0-py3-none-any.whl", hash = "sha256:e920276dd6813095e9377c0bc5566d94c932c33b27a3e3945d8389c374dd4746"},
    {file = "pluggy-1.6.0.tar.gz", hash = "sha256:7dcc130b76258d33b90f61b658791dede3486c3e6bfb003ee5c9bfb396dd22f3"},
]

[[package]]
name = "pygments"
version = "2.19.2"
requires_python = ">=3.8"
summary = "Pygments is a syntax highlighting package written in Python."
groups = ["tests"]
files = [
    {file = "pygments-2.19.2-py3-none-any.whl", hash = "sha256:86540386c03d588bb81d44bc3928634ff26449851e99741617ecb9037ee5ec0b"},
    {file = "pygments-2.19.2.tar.gz", hash = "sha256:636cb2477cec7f8952536970bc533bc43743542f70392ae026374600add5b887"},
]

[[package]]
name = "pytest"
version = "8.4.2"
requires_python = ">=3.9"
summary = "pytest: simple powerful testing with Python"
groups = ["tests"]
dependencies = [
    "colorama>=0.4; sys_platform == \"win32\"",
    "exceptiongroup>=1; python_version < \"3.11\"",
    "iniconfig>=1",
    "packaging>=20",
    "pluggy<2,>=1.5",
    "pygments>=2.7.2",
    "tomli>=1; python_version < \"3.11\"",
]
files = [
    {file = "pytest-8.4.2-py3-none-any.whl", hash = "sha256:872f880de3fc3a5bdc88a11b39c9710c3497a547cfa9320bc3c5e62fbf272e79"},
    {file = "pytest-8.4.2.tar.gz", hash = "sha256:86c0d0b93306b961d58d62a4db4879f27fe25513d4b969df351abdddb3c30e01"},
]

[[package]]
name = "tomli"
version = "2.3.0"
requires_python = ">=3.8"
summary = "A lil' TOML parser"
groups = ["tests"]
marker = "python_version < \"3.11\""
files = [
    {file = "tomli-2.3.0-cp311-cp311-macosx_10_9_x86_64.whl", hash = "sha256:88bd15eb972f3664f5ed4b57c1634a97153b4bac4479dcb6a495f41921eb7f45"},
    {file = "tomli-2.3.0-cp311-cp311-macosx_11_0_arm64.whl", hash = "sha256:883b1c0d6398a6a9d29b508c331fa56adbcdff647f6ace4dfca0f50e90dfd0ba"},
    {file = "tomli-2.3.0-cp311-cp311-manylinux2014_aarch64.manylinux_2_17_aarch64.manylinux_2_28_aarch64.whl", hash = "sha256:d1381caf13ab9f300e30dd8feadb3de072aeb86f1d34a8569453ff32a7dea4bf"},
    {file = "tomli-2.3.0-cp311-cp311-manylinux2014_x86_64.manylinux_2_17_x86_64.manylinux_2_28_x86_64.whl", hash = "sha256:a0e285d2649b78c0d9027570d4da3425bdb49830a6156121360b3f8511ea3441"},
    {file = "tomli-2.3.0-cp311-cp311-musllinux_1_2_aarch64.whl", hash = "sha256:0a154a9ae14bfcf5d8917a59b51ffd5a3ac1fd149b71b47a3a104ca4edcfa845"},
    {file = "tomli-2.3.0-cp311-cp311-musllinux_1_2_x86_64.whl", hash = "sha256:74bf8464ff93e413514fefd2be591c3b0b23231a77f901db1eb30d6f712fc42c"},
    {file = "tomli-2.3.0-cp311-cp311-win32.whl", hash = "sha256:00b5f5d95bbfc7d12f91ad8c593a1659b6387b43f054104cda404be6bda62456"},
    {file = "tomli-2.3.0-cp311-cp311-win_amd64.whl", hash = "sha256:4dc4ce8483a5d429ab602f111a93a6ab1ed425eae3122032db7e9acf449451be"},
    {file = "tomli-2.3.0-cp312-cp312-macosx_10_13_x86_64.whl", hash = "sha256:d7d86942e56ded512a594786a5ba0a5e521d02529b3826e7761a05138341a2ac"},
    {file = "tomli-2.3.0-cp312-cp312-macosx_11_0_arm64.whl", hash = "sha256:73ee0b47d4dad1c5e996e3cd33b8a76a50167ae5f96a2607cbe8cc773506ab22"},
    {file = "tomli-2.3.0-cp312-cp312-manylinux2014_aarch64.manylinux_2_17_aarch64.manylinux_2_28_aarch64.whl", hash = "sha256:792262b94d5d0a466afb5bc63c7daa9d75520110971ee269152083270998316f"},
    {file = "tomli-2.3.0-cp312-cp312-manylinux2014_x86_64.manylinux_2_17_x86_64.manylinux_2_28_x86_64.whl", hash = "sha256:4f195fe57ecceac95a66a75ac24d9d5fbc98ef0962e09b2eddec5d39375aae52"},
    {file = "tomli-2.3.0-cp312-cp312-musllinux_1_2_aarch64.whl", hash = "sha256:e31d432427dcbf4d86958c184b9bfd1e96b5b71f8eb17e6d02531f434fd335b8"},
    {file = "tomli-2.3.0-cp312-cp312-musllinux_1_2_x86_64.whl", hash = "sha256:7b0882799624980785240ab732537fcfc372601015c00f7fc367c55308c186f6"},
    {file = "tomli-2.3.0-cp312-cp312-win32.whl", hash = "sha256:ff72b71b5d10d22ecb084d345fc26f42b5143c5533db5e2eaba7d2d335358876"},
    {file = "tomli-2.3.0-cp312-cp312-win_amd64.whl", hash = "sha256:1cb4ed918939151a03f33d4242ccd0aa5f11b3547d0cf30f7c74a408a5b99878"},
    {file = "tomli-2.3.0-cp313-cp313-macosx_10_13_x86_64.whl", hash = "sha256:5192f562738228945d7b13d4930baffda67b69425a7f0da96d360b0a3888136b"},
    {file = "tomli-2.3.0-cp313-cp313-macosx_11_0_arm64.whl", hash = "sha256:be71c93a63d738597996be9528f4abe628d1adf5e6eb11607bc8fe1a510b5dae"},
    {file = "tomli-2.3.0-cp313-cp313-manylinux2014_aarch64.manylinux_2_17_aarch64.manylinux_2_28_aarch64.whl", hash = "sha256:c4665508bcbac83a31ff8ab08f424b665200c0e1e645d2bd9ab3d3e557b6185b"},
    {file = "tomli-2.3.0-cp313-cp313-manylinux2014_x86_64.manylinux_2_17_x86_64.manylinux_2_28_x86_64.whl", hash = "sha256:4021923f97266babc6ccab9f5068642a0095faa0a51a246a6a02fccbb3514eaf"},
    {file = "tomli-2.3.0-cp313-cp313-musllinux_1_2_aarch64.whl", hash = "sha256:a4ea38c40145a357d513bffad0ed869f13c1773716cf71ccaa83b0fa0cc4e42f"},
    {file = "tomli-2.3.0-cp313-cp313-musllinux_1_2_x86_64.whl", hash = "sha256:ad805ea85eda330dbad64c7ea7a4556259665bdf9d2672f5dccc740eb9d3ca05"},
    {file = "tomli-2.3.0-cp313-cp313-win32.whl", hash = "sha256:97d5eec30149fd3294270e889b4234023f2c69747e555a27bd708828353ab606"},
    {file = "tomli-2.3.0-cp313-cp313-win_amd64.whl", hash = "sha256:0c95ca56fbe89e065c6ead5b593ee64b84a26fca063b5d71a1122bf26e533999"},
    {file = "tomli-2.3.0-cp314-cp314-macosx_10_13_x86_64.whl", hash = "sha256:cebc6fe843e0733ee827a282aca4999b596241195f43b4cc371d64fc6639da9e"},
    {file = "tomli-2.3.0-cp314-cp314-macosx_11_0_arm64.whl", hash = "sha256:4c2ef0244c75aba9355561272009d934953817c49f47d768070c3c94355c2aa3"},
    {file = "tomli-2.3.0-cp314-cp314-manylinux2014_aarch64.manylinux_2_17_aarch64.manylinux_2_28_aarch64.whl", hash = "sha256:c22a8bf253bacc0cf11f35ad9808b6cb75ada2631c2d97c971122583b129afbc"},
    {file = "tomli-2.3.0-cp314-cp314-manylinux2014_x86_64.manylinux_2_17_x86_64.manylinux_2_28_x86_64.whl", hash = "sha256:0eea8cc5c5e9f89c9b90c4896a8deefc74f518db5927d0e0e8d4a80953d774d0"},
    {file = "tomli-2.3.0-cp314-cp314-musllinux_1_2_aarch64.whl", hash = "sha256:b74a0e59ec5d15127acdabd75ea17726ac4c5178ae51b85bfe39c4f8a278e879"},
    {file = "tomli-2.3.0-cp314-cp314-musllinux_1_2_x86_64.whl", hash = "sha256:b5870b50c9db823c595983571d1296a6ff3e1b88f734a4c8f6fc6188397de005"},
    {file = "tomli-2.3.0-cp314-cp314-win32.whl", hash = "sha256:feb0dacc61170ed7ab602d3d972a58f14ee3ee60494292d384649a3dc38ef463"},
    {file = "tomli-2.3.0-cp314-cp314-win_amd64.whl", hash = "sha256:b273fcbd7fc64dc3600c098e39136522650c49bca95df2d11cf3b626422392c8"},
    {file = "tomli-2.3.0-cp314-cp314t-macosx_10_13_x86_64.whl", hash = "sha256:940d56ee0410fa17ee1f12b817b37a4d4e4dc4d27340863cc67236c74f582e77"},
    {file = "tomli-2.3.0-cp314-cp314t-macosx_11_0_arm64.whl", hash = "sha256:f85209946d1fe94416debbb88d00eb92ce9cd5266775424ff81bc959e001acaf"},
    {file = "tomli-2.3.0-cp314-cp314t-manylinux2014_aarch64.manylinux_2_17_aarch64.manylinux_2_28_aarch64.whl", hash = "sha256:a56212bdcce682e56b0aaf79e869ba5d15a6163f88d5451cbde388d48b13f530"},
    {file = "tomli-2.3.0-cp314-cp314t-manylinux2014_x86_64.manylinux_2_17_x86_64.manylinux_2_28_x86_64.whl", hash = "sha256:c5f3ffd1e098dfc032d4d3af5c0ac64f6d286d98bc148698356847b80fa4de1b"},
    {file = "tomli-2.3.0-cp314-cp314t-musllinux_1_2_aarch64.whl", hash = "sha256:5e01decd096b1530d97d5d85cb4dff4af2d8347bd35686654a004f8dea20fc67"},
    {file = "tomli-2.3.0-cp314-cp314t-musllinux_1_2_x86_64.whl", hash = "sha256:8a35dd0e643bb2610f156cca8db95d213a90015c11fee76c946aa62b7ae7e02f"},
    {file = "tomli-2.3.0-cp314-cp314t-win32.whl", hash = "sha256:a1f7f282fe248311650081faafa5f4732bdbfef5d45fe3f2e702fbc6f2d496e0"},
    {file = "tomli-2.3.0-cp314-cp314t-win_amd64.whl", hash = "sha256:70a251f8d4ba2d9ac2542eecf008b3c8a9fc5c3f9f02c56a9d7952612be2fdba"},
    {file = "tomli-2.3.0-py3-none-any.whl", hash = "sha256:e95b1af3c5b07d9e643909b5abbec77cd9f1217e6d0bca72b0234736b9fb1f1b"},
    {file = "tomli-2.3.0.tar.gz", hash = "sha256:64be704a875d2a59753d80ee8a533c3fe183e3f06807ff7dc2232938ccb01549"},
]

[[package]]
name = "typing-extensions"
version = "4.15.0"
requires_python = ">=3.9"
summary = "Backported and Experimental Type Hints for Python 3.9+"
groups = ["tests"]
marker = "python_version < \"3.11\""
files = [
    {file = "typing_extensions-4.15.0-py3-none-any.whl", hash = "sha256:f0fa19c6845758ab08074a0cfa8b7aecb71c999ca73d62883bc25cc018c4e548"},
    {file = "typing_extensions-4.15.0.tar.gz", hash = "sha256:0cea48d173cc12fa28ecabc3b837ea3cf6f38c6d1136f85cbaaf598984861466"},
]
